
Microsoft Visual Studio Solution File, Format Version 12.00
# Visual Studio Version 17
VisualStudioVersion = 17.5.33516.290
MinimumVisualStudioVersion = 10.0.40219.1
Project("{FAE04EC0-301F-11D3-BF4B-00C04F79EFBC}") = "Blazor", "Blazor\Blazor.csproj", "{035710E2-12F7-4510-BD14-D21EF967C567}"
EndProject
Project("{FAE04EC0-301F-11D3-BF4B-00C04F79EFBC}") = "Modelo", "Modelo\Modelo.csproj", "{EAAF49D1-C2FA-46E9-A94F-1C0F11A977CE}"
EndProject
Project("{FAE04EC0-301F-11D3-BF4B-00C04F79EFBC}") = "Datos", "Datos\Datos.csproj", "{A25EE768-4C75-45A2-BF7B-4149AAFE71B8}"
EndProject
Global
	GlobalSection(SolutionConfigurationPlatforms) = preSolution
		Debug|Any CPU = Debug|Any CPU
		Release|Any CPU = Release|Any CPU
	EndGlobalSection
	GlobalSection(ProjectConfigurationPlatforms) = postSolution
		{035710E2-12F7-4510-BD14-D21EF967C567}.Debug|Any CPU.ActiveCfg = Debug|Any CPU
		{035710E2-12F7-4510-BD14-D21EF967C567}.Debug|Any CPU.Build.0 = Debug|Any CPU
		{035710E2-12F7-4510-BD14-D21EF967C567}.Release|Any CPU.ActiveCfg = Release|Any CPU
		{035710E2-12F7-4510-BD14-D21EF967C567}.Release|Any CPU.Build.0 = Release|Any CPU
		{EAAF49D1-C2FA-46E9-A94F-1C0F11A977CE}.Debug|Any CPU.ActiveCfg = Debug|Any CPU
		{EAAF49D1-C2FA-46E9-A94F-1C0F11A977CE}.Debug|Any CPU.Build.0 = Debug|Any CPU
		{EAAF49D1-C2FA-46E9-A94F-1C0F11A977CE}.Release|Any CPU.ActiveCfg = Release|Any CPU
		{EAAF49D1-C2FA-46E9-A94F-1C0F11A977CE}.Release|Any CPU.Build.0 = Release|Any CPU
		{A25EE768-4C75-45A2-BF7B-4149AAFE71B8}.Debug|Any CPU.ActiveCfg = Debug|Any CPU
		{A25EE768-4C75-45A2-BF7B-4149AAFE71B8}.Debug|Any CPU.Build.0 = Debug|Any CPU
		{A25EE768-4C75-45A2-BF7B-4149AAFE71B8}.Release|Any CPU.ActiveCfg = Release|Any CPU
		{A25EE768-4C75-45A2-BF7B-4149AAFE71B8}.Release|Any CPU.Build.0 = Release|Any CPU
	EndGlobalSection
	GlobalSection(SolutionProperties) = preSolution
		HideSolutionNode = FALSE
	EndGlobalSection
	GlobalSection(ExtensibilityGlobals) = postSolution
		SolutionGuid = {0045ACE0-E4EF-4741-8674-11A4581FA622}
	EndGlobalSection
EndGlobal
